
Microsoft Visual Studio Solution File, Format Version 12.00
# Visual Studio Version 17
VisualStudioVersion = 17.8.34316.72
MinimumVisualStudioVersion = 10.0.40219.1
Project("{FAE04EC0-301F-11D3-BF4B-00C04F79EFBC}") = "WebAppApi", "WebAppApi.csproj", "{97DB78DE-6543-40ED-9153-C03748871B67}"
EndProject
Global
	GlobalSection(SolutionConfigurationPlatforms) = preSolution
		Debug|Any CPU = Debug|Any CPU
		Release|Any CPU = Release|Any CPU
	EndGlobalSection
	GlobalSection(ProjectConfigurationPlatforms) = postSolution
		{97DB78DE-6543-40ED-9153-C03748871B67}.Debug|Any CPU.ActiveCfg = Debug|Any CPU
		{97DB78DE-6543-40ED-9153-C03748871B67}.Debug|Any CPU.Build.0 = Debug|Any CPU
		{97DB78DE-6543-40ED-9153-C03748871B67}.Release|Any CPU.ActiveCfg = Release|Any CPU
		{97DB78DE-6543-40ED-9153-C03748871B67}.Release|Any CPU.Build.0 = Release|Any CPU
	EndGlobalSection
	GlobalSection(SolutionProperties) = preSolution
		HideSolutionNode = FALSE
	EndGlobalSection
	GlobalSection(ExtensibilityGlobals) = postSolution
		SolutionGuid = {23BDBD06-FED3-4435-AFBB-CC0AC4076E7E}
	EndGlobalSection
EndGlobal
